{
  "requires": true,
  "lockfileVersion": 1,
  "dependencies": {
    "moment": {
      "version": "2.25.0",
      "resolved": "https://registry.npmjs.org/moment/-/moment-2.25.0.tgz",
      "integrity": "sha512-vbrf6kJGpevOxmDRvCCvGuCSXvRj93264WcFzjm3Z3pV4lfjrXll8rvSP+EbmCte64udj1LkJMILxQnjXAQBzg=="
    },
    "pikaday": {
      "version": "1.8.0",
      "resolved": "https://registry.npmjs.org/pikaday/-/pikaday-1.8.0.tgz",
      "integrity": "sha512-SgGxMYX0NHj9oQnMaSyAipr2gOrbB4Lfs/TJTb6H6hRHs39/5c5VZi73Q8hr53+vWjdn6HzkWcj8Vtl3c9ziaA=="
    }
  }
}
